
Microsoft Visual Studio Solution File, Format Version 12.00
# Visual Studio Version 16
VisualStudioVersion = 25.0.1704.2
MinimumVisualStudioVersion = 10.0.40219.1
Project("{FAE04EC0-301F-11D3-BF4B-00C04F79EFBC}") = "RPgame", "RPgame\RPgame.csproj", "{EAB076D6-3873-432B-85A1-DB0BDB070894}"
EndProject
Global
	GlobalSection(SolutionConfigurationPlatforms) = preSolution
		Debug|Any CPU = Debug|Any CPU
		Release|Any CPU = Release|Any CPU
	EndGlobalSection
	GlobalSection(ProjectConfigurationPlatforms) = postSolution
		{EAB076D6-3873-432B-85A1-DB0BDB070894}.Debug|Any CPU.ActiveCfg = Debug|Any CPU
		{EAB076D6-3873-432B-85A1-DB0BDB070894}.Debug|Any CPU.Build.0 = Debug|Any CPU
		{EAB076D6-3873-432B-85A1-DB0BDB070894}.Release|Any CPU.ActiveCfg = Release|Any CPU
		{EAB076D6-3873-432B-85A1-DB0BDB070894}.Release|Any CPU.Build.0 = Release|Any CPU
	EndGlobalSection
	GlobalSection(SolutionProperties) = preSolution
		HideSolutionNode = FALSE
	EndGlobalSection
	GlobalSection(ExtensibilityGlobals) = postSolution
		SolutionGuid = {CDFBB5AC-F670-40DF-8578-D6468310412C}
	EndGlobalSection
EndGlobal
